
Microsoft Visual Studio Solution File, Format Version 12.00
# Visual Studio 14
VisualStudioVersion = 14.0.25420.1
MinimumVisualStudioVersion = 10.0.40219.1
Project("{FAE04EC0-301F-11D3-BF4B-00C04F79EFBC}") = "FTC.Test", "FTC.Test\FTC.Test.csproj", "{6880695C-9C88-4F53-9E97-5C6D8A0FD23D}"
EndProject
Project("{FAE04EC0-301F-11D3-BF4B-00C04F79EFBC}") = "FTC.Framework", "FTC.Framework\FTC.Framework.csproj", "{E00B930D-A16D-46DA-8A87-C70EF378A9E5}"
EndProject
Global
	GlobalSection(SolutionConfigurationPlatforms) = preSolution
		Debug|Any CPU = Debug|Any CPU
		Release|Any CPU = Release|Any CPU
	EndGlobalSection
	GlobalSection(ProjectConfigurationPlatforms) = postSolution
		{6880695C-9C88-4F53-9E97-5C6D8A0FD23D}.Debug|Any CPU.ActiveCfg = Debug|Any CPU
		{6880695C-9C88-4F53-9E97-5C6D8A0FD23D}.Debug|Any CPU.Build.0 = Debug|Any CPU
		{6880695C-9C88-4F53-9E97-5C6D8A0FD23D}.Release|Any CPU.ActiveCfg = Release|Any CPU
		{6880695C-9C88-4F53-9E97-5C6D8A0FD23D}.Release|Any CPU.Build.0 = Release|Any CPU
		{E00B930D-A16D-46DA-8A87-C70EF378A9E5}.Debug|Any CPU.ActiveCfg = Debug|Any CPU
		{E00B930D-A16D-46DA-8A87-C70EF378A9E5}.Debug|Any CPU.Build.0 = Debug|Any CPU
		{E00B930D-A16D-46DA-8A87-C70EF378A9E5}.Release|Any CPU.ActiveCfg = Release|Any CPU
		{E00B930D-A16D-46DA-8A87-C70EF378A9E5}.Release|Any CPU.Build.0 = Release|Any CPU
	EndGlobalSection
	GlobalSection(SolutionProperties) = preSolution
		HideSolutionNode = FALSE
	EndGlobalSection
EndGlobal
